// !$*UTF8*$!
{
	archiveVersion = 1;
	classes = {
	};
	objectVersion = 56;
	objects = {

/* Begin PBXBuildFile section */
		4D65CF1F2BB8E31A00885A14 /* project6_TranslateMeApp.swift in Sources */ = {isa = PBXBuildFile; fileRef = 4D65CF1E2BB8E31A00885A14 /* project6_TranslateMeApp.swift */; };
		4D65CF212BB8E31A00885A14 /* ContentView.swift in Sources */ = {isa = PBXBuildFile; fileRef = 4D65CF202BB8E31A00885A14 /* ContentView.swift */; };
		4D65CF232BB8E31C00885A14 /* Assets.xcassets in Resources */ = {isa = PBXBuildFile; fileRef = 4D65CF222BB8E31C00885A14 /* Assets.xcassets */; };
		4D65CF262BB8E31C00885A14 /* Preview Assets.xcassets in Resources */ = {isa = PBXBuildFile; fileRef = 4D65CF252BB8E31C00885A14 /* Preview Assets.xcassets */; };
		4D65CF2D2BB8E3AB00885A14 /* GoogleService-Info.plist in Resources */ = {isa = PBXBuildFile; fileRef = 4D65CF2C2BB8E3AB00885A14 /* GoogleService-Info.plist */; };
		4D65CF472BB8E52900885A14 /* FirebaseAuth in Frameworks */ = {isa = PBXBuildFile; productRef = 4D65CF462BB8E52900885A14 /* FirebaseAuth */; };
		4D65CF492BB8E53200885A14 /* FirebaseFirestore in Frameworks */ = {isa = PBXBuildFile; productRef = 4D65CF482BB8E53200885A14 /* FirebaseFirestore */; };
		4D65CF4B2BB8E53700885A14 /* FirebaseFirestoreSwift in Frameworks */ = {isa = PBXBuildFile; productRef = 4D65CF4A2BB8E53700885A14 /* FirebaseFirestoreSwift */; };
		4D65CF4D2BB9E46000885A14 /* Message.swift in Sources */ = {isa = PBXBuildFile; fileRef = 4D65CF4C2BB9E46000885A14 /* Message.swift */; };
		4D65CF4F2BB9E4E200885A14 /* MessageManager.swift in Sources */ = {isa = PBXBuildFile; fileRef = 4D65CF4E2BB9E4E200885A14 /* MessageManager.swift */; };
		4D65CF512BB9E70400885A14 /* TranslationHistoryView.swift in Sources */ = {isa = PBXBuildFile; fileRef = 4D65CF502BB9E70400885A14 /* TranslationHistoryView.swift */; };
/* End PBXBuildFile section */

/* Begin PBXFileReference section */
		4D65CF1B2BB8E31A00885A14 /* project6-TranslateMe.app */ = {isa = PBXFileReference; explicitFileType = wrapper.application; includeInIndex = 0; path = "project6-TranslateMe.app"; sourceTree = BUILT_PRODUCTS_DIR; };
		4D65CF1E2BB8E31A00885A14 /* project6_TranslateMeApp.swift */ = {isa = PBXFileReference; lastKnownFileType = sourcecode.swift; path = project6_TranslateMeApp.swift; sourceTree = "<group>"; };
		4D65CF202BB8E31A00885A14 /* ContentView.swift */ = {isa = PBXFileReference; lastKnownFileType = sourcecode.swift; path = ContentView.swift; sourceTree = "<group>"; };
		4D65CF222BB8E31C00885A14 /* Assets.xcassets */ = {isa = PBXFileReference; lastKnownFileType = folder.assetcatalog; path = Assets.xcassets; sourceTree = "<group>"; };
		4D65CF252BB8E31C00885A14 /* Preview Assets.xcassets */ = {isa = PBXFileReference; lastKnownFileType = folder.assetcatalog; path = "Preview Assets.xcassets"; sourceTree = "<group>"; };
		4D65CF2C2BB8E3AB00885A14 /* GoogleService-Info.plist */ = {isa = PBXFileReference; fileEncoding = 4; lastKnownFileType = text.plist.xml; path = "GoogleService-Info.plist"; sourceTree = "<group>"; };
		4D65CF392BB8E4C700885A14 /* Info.plist */ = {isa = PBXFileReference; lastKnownFileType = text.plist; path = Info.plist; sourceTree = "<group>"; };
		4D65CF4C2BB9E46000885A14 /* Message.swift */ = {isa = PBXFileReference; lastKnownFileType = sourcecode.swift; path = Message.swift; sourceTree = "<group>"; };
		4D65CF4E2BB9E4E200885A14 /* MessageManager.swift */ = {isa = PBXFileReference; lastKnownFileType = sourcecode.swift; path = MessageManager.swift; sourceTree = "<group>"; };
		4D65CF502BB9E70400885A14 /* TranslationHistoryView.swift */ = {isa = PBXFileReference; lastKnownFileType = sourcecode.swift; path = TranslationHistoryView.swift; sourceTree = "<group>"; };
/* End PBXFileReference section */

/* Begin PBXFrameworksBuildPhase section */
		4D65CF182BB8E31A00885A14 /* Frameworks */ = {
			isa = PBXFrameworksBuildPhase;
			buildActionMask = 2147483647;
			files = (
				4D65CF472BB8E52900885A14 /* FirebaseAuth in Frameworks */,
				4D65CF492BB8E53200885A14 /* FirebaseFirestore in Frameworks */,
				4D65CF4B2BB8E53700885A14 /* FirebaseFirestoreSwift in Frameworks */,
			);
			runOnlyForDeploymentPostprocessing = 0;
		};
/* End PBXFrameworksBuildPhase section */

/* Begin PBXGroup section */
		4D65CF122BB8E31A00885A14 = {
			isa = PBXGroup;
			children = (
				4D65CF1D2BB8E31A00885A14 /* project6-TranslateMe */,
				4D65CF1C2BB8E31A00885A14 /* Products */,
				4D65CF452BB8E52900885A14 /* Frameworks */,
			);
			sourceTree = "<group>";
		};
		4D65CF1C2BB8E31A00885A14 /* Products */ = {
			isa = PBXGroup;
			children = (
				4D65CF1B2BB8E31A00885A14 /* project6-TranslateMe.app */,
			);
			name = Products;
			sourceTree = "<group>";
		};
		4D65CF1D2BB8E31A00885A14 /* project6-TranslateMe */ = {
			isa = PBXGroup;
			children = (
				4D65CF392BB8E4C700885A14 /* Info.plist */,
				4D65CF1E2BB8E31A00885A14 /* project6_TranslateMeApp.swift */,
				4D65CF4C2BB9E46000885A14 /* Message.swift */,
				4D65CF4E2BB9E4E200885A14 /* MessageManager.swift */,
				4D65CF202BB8E31A00885A14 /* ContentView.swift */,
				4D65CF502BB9E70400885A14 /* TranslationHistoryView.swift */,
				4D65CF222BB8E31C00885A14 /* Assets.xcassets */,
				4D65CF2C2BB8E3AB00885A14 /* GoogleService-Info.plist */,
				4D65CF242BB8E31C00885A14 /* Preview Content */,
			);
			path = "project6-TranslateMe";
			sourceTree = "<group>";
		};
		4D65CF242BB8E31C00885A14 /* Preview Content */ = {
			isa = PBXGroup;
			children = (
				4D65CF252BB8E31C00885A14 /* Preview Assets.xcassets */,
			);
			path = "Preview Content";
			sourceTree = "<group>";
		};
		4D65CF452BB8E52900885A14 /* Frameworks */ = {
			isa = PBXGroup;
			children = (
			);
			name = Frameworks;
			sourceTree = "<group>";
		};
/* End PBXGroup section */

/* Begin PBXNativeTarget section */
		4D65CF1A2BB8E31A00885A14 /* project6-TranslateMe */ = {
			isa = PBXNativeTarget;
			buildConfigurationList = 4D65CF292BB8E31C00885A14 /* Build configuration list for PBXNativeTarget "project6-TranslateMe" */;
			buildPhases = (
				4D65CF172BB8E31A00885A14 /* Sources */,
				4D65CF182BB8E31A00885A14 /* Frameworks */,
				4D65CF192BB8E31A00885A14 /* Resources */,
			);
			buildRules = (
			);
			dependencies = (
			);
			name = "project6-TranslateMe";
			packageProductDependencies = (
				4D65CF462BB8E52900885A14 /* FirebaseAuth */,
				4D65CF482BB8E53200885A14 /* FirebaseFirestore */,
				4D65CF4A2BB8E53700885A14 /* FirebaseFirestoreSwift */,
			);
			productName = "project6-TranslateMe";
			productReference = 4D65CF1B2BB8E31A00885A14 /* project6-TranslateMe.app */;
			productType = "com.apple.product-type.application";
		};
/* End PBXNativeTarget section */

/* Begin PBXProject section */
		4D65CF132BB8E31A00885A14 /* Project object */ = {
			isa = PBXProject;
			attributes = {
				BuildIndependentTargetsInParallel = 1;
				LastSwiftUpdateCheck = 1520;
				LastUpgradeCheck = 1520;
				TargetAttributes = {
					4D65CF1A2BB8E31A00885A14 = {
						CreatedOnToolsVersion = 15.2;
					};
				};
			};
			buildConfigurationList = 4D65CF162BB8E31A00885A14 /* Build configuration list for PBXProject "project6-TranslateMe" */;
			compatibilityVersion = "Xcode 14.0";
			developmentRegion = en;
			hasScannedForEncodings = 0;
			knownRegions = (
				en,
				Base,
			);
			mainGroup = 4D65CF122BB8E31A00885A14;
			packageReferences = (
				4D65CF3A2BB8E4F600885A14 /* XCRemoteSwiftPackageReference "firebase-ios-sdk" */,
			);
			productRefGroup = 4D65CF1C2BB8E31A00885A14 /* Products */;
			projectDirPath = "";
			projectRoot = "";
			targets = (
				4D65CF1A2BB8E31A00885A14 /* project6-TranslateMe */,
			);
		};
/* End PBXProject section */

/* Begin PBXResourcesBuildPhase section */
		4D65CF192BB8E31A00885A14 /* Resources */ = {
			isa = PBXResourcesBuildPhase;
			buildActionMask = 2147483647;
			files = (
				4D65CF262BB8E31C00885A14 /* Preview Assets.xcassets in Resources */,
				4D65CF232BB8E31C00885A14 /* Assets.xcassets in Resources */,
				4D65CF2D2BB8E3AB00885A14 /* GoogleService-Info.plist in Resources */,
			);
			runOnlyForDeploymentPostprocessing = 0;
		};
/* End PBXResourcesBuildPhase section */

/* Begin PBXSourcesBuildPhase section */
		4D65CF172BB8E31A00885A14 /* Sources */ = {
			isa = PBXSourcesBuildPhase;
			buildActionMask = 2147483647;
			files = (
				4D65CF4D2BB9E46000885A14 /* Message.swift in Sources */,
				4D65CF212BB8E31A00885A14 /* ContentView.swift in Sources */,
				4D65CF1F2BB8E31A00885A14 /* project6_TranslateMeApp.swift in Sources */,
				4D65CF4F2BB9E4E200885A14 /* MessageManager.swift in Sources */,
				4D65CF512BB9E70400885A14 /* TranslationHistoryView.swift in Sources */,
			);
			runOnlyForDeploymentPostprocessing = 0;
		};
/* End PBXSourcesBuildPhase section */

/* Begin XCBuildConfiguration section */
		4D65CF272BB8E31C00885A14 /* Debug */ = {
			isa = XCBuildConfiguration;
			buildSettings = {
				ALWAYS_SEARCH_USER_PATHS = NO;
				ASSETCATALOG_COMPILER_GENERATE_SWIFT_ASSET_SYMBOL_EXTENSIONS = YES;
				CLANG_ANALYZER_NONNULL = YES;
				CLANG_ANALYZER_NUMBER_OBJECT_CONVERSION = YES_AGGRESSIVE;
				CLANG_CXX_LANGUAGE_STANDARD = "gnu++20";
				CLANG_ENABLE_MODULES = YES;
				CLANG_ENABLE_OBJC_ARC = YES;
				CLANG_ENABLE_OBJC_WEAK = YES;
				CLANG_WARN_BLOCK_CAPTURE_AUTORELEASING = YES;
				CLANG_WARN_BOOL_CONVERSION = YES;
				CLANG_WARN_COMMA = YES;
				CLANG_WARN_CONSTANT_CONVERSION = YES;
				CLANG_WARN_DEPRECATED_OBJC_IMPLEMENTATIONS = YES;
				CLANG_WARN_DIRECT_OBJC_ISA_USAGE = YES_ERROR;
				CLANG_WARN_DOCUMENTATION_COMMENTS = YES;
				CLANG_WARN_EMPTY_BODY = YES;
				CLANG_WARN_ENUM_CONVERSION = YES;
				CLANG_WARN_INFINITE_RECURSION = YES;
				CLANG_WARN_INT_CONVERSION = YES;
				CLANG_WARN_NON_LITERAL_NULL_CONVERSION = YES;
				CLANG_WARN_OBJC_IMPLICIT_RETAIN_SELF = YES;
				CLANG_WARN_OBJC_LITERAL_CONVERSION = YES;
				CLANG_WARN_OBJC_ROOT_CLASS = YES_ERROR;
				CLANG_WARN_QUOTED_INCLUDE_IN_FRAMEWORK_HEADER = YES;
				CLANG_WARN_RANGE_LOOP_ANALYSIS = YES;
				CLANG_WARN_STRICT_PROTOTYPES = YES;
				CLANG_WARN_SUSPICIOUS_MOVE = YES;
				CLANG_WARN_UNGUARDED_AVAILABILITY = YES_AGGRESSIVE;
				CLANG_WARN_UNREACHABLE_CODE = YES;
				CLANG_WARN__DUPLICATE_METHOD_MATCH = YES;
				COPY_PHASE_STRIP = NO;
				DEBUG_INFORMATION_FORMAT = dwarf;
				ENABLE_STRICT_OBJC_MSGSEND = YES;
				ENABLE_TESTABILITY = YES;
				ENABLE_USER_SCRIPT_SANDBOXING = YES;
				GCC_C_LANGUAGE_STANDARD = gnu17;
				GCC_DYNAMIC_NO_PIC = NO;
				GCC_NO_COMMON_BLOCKS = YES;
				GCC_OPTIMIZATION_LEVEL = 0;
				GCC_PREPROCESSOR_DEFINITIONS = (
					"DEBUG=1",
					"$(inherited)",
				);
				GCC_WARN_64_TO_32_BIT_CONVERSION = YES;
				GCC_WARN_ABOUT_RETURN_TYPE = YES_ERROR;
				GCC_WARN_UNDECLARED_SELECTOR = YES;
				GCC_WARN_UNINITIALIZED_AUTOS = YES_AGGRESSIVE;
				GCC_WARN_UNUSED_FUNCTION = YES;
				GCC_WARN_UNUSED_VARIABLE = YES;
				IPHONEOS_DEPLOYMENT_TARGET = 17.2;
				LOCALIZATION_PREFERS_STRING_CATALOGS = YES;
				MTL_ENABLE_DEBUG_INFO = INCLUDE_SOURCE;
				MTL_FAST_MATH = YES;
				ONLY_ACTIVE_ARCH = YES;
				SDKROOT = iphoneos;
				SWIFT_ACTIVE_COMPILATION_CONDITIONS = "DEBUG $(inherited)";
				SWIFT_OPTIMIZATION_LEVEL = "-Onone";
			};
			name = Debug;
		};
		4D65CF282BB8E31C00885A14 /* Release */ = {
			isa = XCBuildConfiguration;
			buildSettings = {
				ALWAYS_SEARCH_USER_PATHS = NO;
				ASSETCATALOG_COMPILER_GENERATE_SWIFT_ASSET_SYMBOL_EXTENSIONS = YES;
				CLANG_ANALYZER_NONNULL = YES;
				CLANG_ANALYZER_NUMBER_OBJECT_CONVERSION = YES_AGGRESSIVE;
				CLANG_CXX_LANGUAGE_STANDARD = "gnu++20";
				CLANG_ENABLE_MODULES = YES;
				CLANG_ENABLE_OBJC_ARC = YES;
				CLANG_ENABLE_OBJC_WEAK = YES;
				CLANG_WARN_BLOCK_CAPTURE_AUTORELEASING = YES;
				CLANG_WARN_BOOL_CONVERSION = YES;
				CLANG_WARN_COMMA = YES;
				CLANG_WARN_CONSTANT_CONVERSION = YES;
				CLANG_WARN_DEPRECATED_OBJC_IMPLEMENTATIONS = YES;
				CLANG_WARN_DIRECT_OBJC_ISA_USAGE = YES_ERROR;
				CLANG_WARN_DOCUMENTATION_COMMENTS = YES;
				CLANG_WARN_EMPTY_BODY = YES;
				CLANG_WARN_ENUM_CONVERSION = YES;
				CLANG_WARN_INFINITE_RECURSION = YES;
				CLANG_WARN_INT_CONVERSION = YES;
				CLANG_WARN_NON_LITERAL_NULL_CONVERSION = YES;
				CLANG_WARN_OBJC_IMPLICIT_RETAIN_SELF = YES;
				CLANG_WARN_OBJC_LITERAL_CONVERSION = YES;
				CLANG_WARN_OBJC_ROOT_CLASS = YES_ERROR;
				CLANG_WARN_QUOTED_INCLUDE_IN_FRAMEWORK_HEADER = YES;
				CLANG_WARN_RANGE_LOOP_ANALYSIS = YES;
				CLANG_WARN_STRICT_PROTOTYPES = YES;
				CLANG_WARN_SUSPICIOUS_MOVE = YES;
				CLANG_WARN_UNGUARDED_AVAILABILITY = YES_AGGRESSIVE;
				CLANG_WARN_UNREACHABLE_CODE = YES;
				CLANG_WARN__DUPLICATE_METHOD_MATCH = YES;
				COPY_PHASE_STRIP = NO;
				DEBUG_INFORMATION_FORMAT = "dwarf-with-dsym";
				ENABLE_NS_ASSERTIONS = NO;
				ENABLE_STRICT_OBJC_MSGSEND = YES;
				ENABLE_USER_SCRIPT_SANDBOXING = YES;
				GCC_C_LANGUAGE_STANDARD = gnu17;
				GCC_NO_COMMON_BLOCKS = YES;
				GCC_WARN_64_TO_32_BIT_CONVERSION = YES;
				GCC_WARN_ABOUT_RETURN_TYPE = YES_ERROR;
				GCC_WARN_UNDECLARED_SELECTOR = YES;
				GCC_WARN_UNINITIALIZED_AUTOS = YES_AGGRESSIVE;
				GCC_WARN_UNUSED_FUNCTION = YES;
				GCC_WARN_UNUSED_VARIABLE = YES;
				IPHONEOS_DEPLOYMENT_TARGET = 17.2;
				LOCALIZATION_PREFERS_STRING_CATALOGS = YES;
				MTL_ENABLE_DEBUG_INFO = NO;
				MTL_FAST_MATH = YES;
				SDKROOT = iphoneos;
				SWIFT_COMPILATION_MODE = wholemodule;
				VALIDATE_PRODUCT = YES;
			};
			name = Release;
		};
		4D65CF2A2BB8E31C00885A14 /* Debug */ = {
			isa = XCBuildConfiguration;
			buildSettings = {
				ASSETCATALOG_COMPILER_APPICON_NAME = AppIcon;
				ASSETCATALOG_COMPILER_GLOBAL_ACCENT_COLOR_NAME = AccentColor;
				CODE_SIGN_STYLE = Automatic;
				CURRENT_PROJECT_VERSION = 1;
				DEVELOPMENT_ASSET_PATHS = "\"project6-TranslateMe/Preview Content\"";
				ENABLE_PREVIEWS = YES;
				GENERATE_INFOPLIST_FILE = YES;
				INFOPLIST_FILE = "project6-TranslateMe/Info.plist";
				INFOPLIST_KEY_UIApplicationSceneManifest_Generation = YES;
				INFOPLIST_KEY_UIApplicationSupportsIndirectInputEvents = YES;
				INFOPLIST_KEY_UILaunchScreen_Generation = YES;
				INFOPLIST_KEY_UISupportedInterfaceOrientations_iPad = "UIInterfaceOrientationPortrait UIInterfaceOrientationPortraitUpsideDown UIInterfaceOrientationLandscapeLeft UIInterfaceOrientationLandscapeRight";
				INFOPLIST_KEY_UISupportedInterfaceOrientations_iPhone = "UIInterfaceOrientationPortrait UIInterfaceOrientationLandscapeLeft UIInterfaceOrientationLandscapeRight";
				LD_RUNPATH_SEARCH_PATHS = (
					"$(inherited)",
					"@executable_path/Frameworks",
				);
				MARKETING_VERSION = 1.0;
				PRODUCT_BUNDLE_IDENTIFIER = "Codepath.project6-TranslateMe";
				PRODUCT_NAME = "$(TARGET_NAME)";
				SWIFT_EMIT_LOC_STRINGS = YES;
				SWIFT_VERSION = 5.0;
				TARGETED_DEVICE_FAMILY = "1,2";
			};
			name = Debug;
		};
		4D65CF2B2BB8E31C00885A14 /* Release */ = {
			isa = XCBuildConfiguration;
			buildSettings = {
				ASSETCATALOG_COMPILER_APPICON_NAME = AppIcon;
				ASSETCATALOG_COMPILER_GLOBAL_ACCENT_COLOR_NAME = AccentColor;
				CODE_SIGN_STYLE = Automatic;
				CURRENT_PROJECT_VERSION = 1;
				DEVELOPMENT_ASSET_PATHS = "\"project6-TranslateMe/Preview Content\"";
				ENABLE_PREVIEWS = YES;
				GENERATE_INFOPLIST_FILE = YES;
				INFOPLIST_FILE = "project6-TranslateMe/Info.plist";
				INFOPLIST_KEY_UIApplicationSceneManifest_Generation = YES;
				INFOPLIST_KEY_UIApplicationSupportsIndirectInputEvents = YES;
				INFOPLIST_KEY_UILaunchScreen_Generation = YES;
				INFOPLIST_KEY_UISupportedInterfaceOrientations_iPad = "UIInterfaceOrientationPortrait UIInterfaceOrientationPortraitUpsideDown UIInterfaceOrientationLandscapeLeft UIInterfaceOrientationLandscapeRight";
				INFOPLIST_KEY_UISupportedInterfaceOrientations_iPhone = "UIInterfaceOrientationPortrait UIInterfaceOrientationLandscapeLeft UIInterfaceOrientationLandscapeRight";
				LD_RUNPATH_SEARCH_PATHS = (
					"$(inherited)",
					"@executable_path/Frameworks",
				);
				MARKETING_VERSION = 1.0;
				PRODUCT_BUNDLE_IDENTIFIER = "Codepath.project6-TranslateMe";
				PRODUCT_NAME = "$(TARGET_NAME)";
				SWIFT_EMIT_LOC_STRINGS = YES;
				SWIFT_VERSION = 5.0;
				TARGETED_DEVICE_FAMILY = "1,2";
			};
			name = Release;
		};
/* End XCBuildConfiguration section */

/* Begin XCConfigurationList section */
		4D65CF162BB8E31A00885A14 /* Build configuration list for PBXProject "project6-TranslateMe" */ = {
			isa = XCConfigurationList;
			buildConfigurations = (
				4D65CF272BB8E31C00885A14 /* Debug */,
				4D65CF282BB8E31C00885A14 /* Release */,
			);
			defaultConfigurationIsVisible = 0;
			defaultConfigurationName = Release;
		};
		4D65CF292BB8E31C00885A14 /* Build configuration list for PBXNativeTarget "project6-TranslateMe" */ = {
			isa = XCConfigurationList;
			buildConfigurations = (
				4D65CF2A2BB8E31C00885A14 /* Debug */,
				4D65CF2B2BB8E31C00885A14 /* Release */,
			);
			defaultConfigurationIsVisible = 0;
			defaultConfigurationName = Release;
		};
/* End XCConfigurationList section */

/* Begin XCRemoteSwiftPackageReference section */
		4D65CF3A2BB8E4F600885A14 /* XCRemoteSwiftPackageReference "firebase-ios-sdk" */ = {
			isa = XCRemoteSwiftPackageReference;
			repositoryURL = "https://github.com/firebase/firebase-ios-sdk";
			requirement = {
				kind = upToNextMajorVersion;
				minimumVersion = 10.23.1;
			};
		};
/* End XCRemoteSwiftPackageReference section */

/* Begin XCSwiftPackageProductDependency section */
		4D65CF462BB8E52900885A14 /* FirebaseAuth */ = {
			isa = XCSwiftPackageProductDependency;
			package = 4D65CF3A2BB8E4F600885A14 /* XCRemoteSwiftPackageReference "firebase-ios-sdk" */;
			productName = FirebaseAuth;
		};
		4D65CF482BB8E53200885A14 /* FirebaseFirestore */ = {
			isa = XCSwiftPackageProductDependency;
			package = 4D65CF3A2BB8E4F600885A14 /* XCRemoteSwiftPackageReference "firebase-ios-sdk" */;
			productName = FirebaseFirestore;
		};
		4D65CF4A2BB8E53700885A14 /* FirebaseFirestoreSwift */ = {
			isa = XCSwiftPackageProductDependency;
			package = 4D65CF3A2BB8E4F600885A14 /* XCRemoteSwiftPackageReference "firebase-ios-sdk" */;
			productName = FirebaseFirestoreSwift;
		};
/* End XCSwiftPackageProductDependency section */
	};
	rootObject = 4D65CF132BB8E31A00885A14 /* Project object */;
}
